
Microsoft Visual Studio Solution File, Format Version 12.00
# Visual Studio 14
VisualStudioVersion = 14.0.25420.1
MinimumVisualStudioVersion = 10.0.40219.1
Project("{FAE04EC0-301F-11D3-BF4B-00C04F79EFBC}") = "Example01", "Example01\Example01.csproj", "{3190DF4E-F6B9-4A6C-B46A-DC84C319C65E}"
EndProject
Project("{FAE04EC0-301F-11D3-BF4B-00C04F79EFBC}") = "Example02", "Example02\Example02.csproj", "{9BF9D163-B3CC-408F-BF7A-799FEBA6887C}"
EndProject
Project("{FAE04EC0-301F-11D3-BF4B-00C04F79EFBC}") = "Example03", "Example03\Example03.csproj", "{30AB58A7-6424-4E82-BFC7-EE32FA7B6E7A}"
EndProject
Global
	GlobalSection(SolutionConfigurationPlatforms) = preSolution
		Debug|Any CPU = Debug|Any CPU
		Release|Any CPU = Release|Any CPU
	EndGlobalSection
	GlobalSection(ProjectConfigurationPlatforms) = postSolution
		{3190DF4E-F6B9-4A6C-B46A-DC84C319C65E}.Debug|Any CPU.ActiveCfg = Debug|Any CPU
		{3190DF4E-F6B9-4A6C-B46A-DC84C319C65E}.Debug|Any CPU.Build.0 = Debug|Any CPU
		{3190DF4E-F6B9-4A6C-B46A-DC84C319C65E}.Release|Any CPU.ActiveCfg = Release|Any CPU
		{3190DF4E-F6B9-4A6C-B46A-DC84C319C65E}.Release|Any CPU.Build.0 = Release|Any CPU
		{9BF9D163-B3CC-408F-BF7A-799FEBA6887C}.Debug|Any CPU.ActiveCfg = Debug|Any CPU
		{9BF9D163-B3CC-408F-BF7A-799FEBA6887C}.Debug|Any CPU.Build.0 = Debug|Any CPU
		{9BF9D163-B3CC-408F-BF7A-799FEBA6887C}.Release|Any CPU.ActiveCfg = Release|Any CPU
		{9BF9D163-B3CC-408F-BF7A-799FEBA6887C}.Release|Any CPU.Build.0 = Release|Any CPU
		{30AB58A7-6424-4E82-BFC7-EE32FA7B6E7A}.Debug|Any CPU.ActiveCfg = Debug|Any CPU
		{30AB58A7-6424-4E82-BFC7-EE32FA7B6E7A}.Debug|Any CPU.Build.0 = Debug|Any CPU
		{30AB58A7-6424-4E82-BFC7-EE32FA7B6E7A}.Release|Any CPU.ActiveCfg = Release|Any CPU
		{30AB58A7-6424-4E82-BFC7-EE32FA7B6E7A}.Release|Any CPU.Build.0 = Release|Any CPU
	EndGlobalSection
	GlobalSection(SolutionProperties) = preSolution
		HideSolutionNode = FALSE
	EndGlobalSection
EndGlobal
