
Microsoft Visual Studio Solution File, Format Version 12.00
# Visual Studio 15
VisualStudioVersion = 15.0.26228.9
MinimumVisualStudioVersion = 10.0.40219.1
Project("{FAE04EC0-301F-11D3-BF4B-00C04F79EFBC}") = "Example02", "Example02\Example02.csproj", "{8F61AE7D-2A60-4E5E-A490-F13EA434F367}"
EndProject
Project("{FAE04EC0-301F-11D3-BF4B-00C04F79EFBC}") = "Example01", "Example01\Example01.csproj", "{B3943B65-F9D3-4A77-A230-E438D54B9B09}"
EndProject
Project("{FAE04EC0-301F-11D3-BF4B-00C04F79EFBC}") = "Example03", "Example03\Example03.csproj", "{F9B72088-477B-44DB-89E9-650A45E46532}"
EndProject
Project("{FAE04EC0-301F-11D3-BF4B-00C04F79EFBC}") = "Example04", "Example04\Example04.csproj", "{29BEFBC0-C057-4E0B-A3F7-7DB8BDD416EE}"
EndProject
Project("{FAE04EC0-301F-11D3-BF4B-00C04F79EFBC}") = "Example05", "Example05\Example05.csproj", "{213E965B-020A-4B8E-8570-D1B82B1AB723}"
EndProject
Project("{FAE04EC0-301F-11D3-BF4B-00C04F79EFBC}") = "Example06", "Example06\Example06.csproj", "{BA70F065-6744-459F-AAFB-5538435DE13F}"
EndProject
Global
	GlobalSection(SolutionConfigurationPlatforms) = preSolution
		Debug|Any CPU = Debug|Any CPU
		Release|Any CPU = Release|Any CPU
	EndGlobalSection
	GlobalSection(ProjectConfigurationPlatforms) = postSolution
		{8F61AE7D-2A60-4E5E-A490-F13EA434F367}.Debug|Any CPU.ActiveCfg = Debug|Any CPU
		{8F61AE7D-2A60-4E5E-A490-F13EA434F367}.Debug|Any CPU.Build.0 = Debug|Any CPU
		{8F61AE7D-2A60-4E5E-A490-F13EA434F367}.Release|Any CPU.ActiveCfg = Release|Any CPU
		{8F61AE7D-2A60-4E5E-A490-F13EA434F367}.Release|Any CPU.Build.0 = Release|Any CPU
		{B3943B65-F9D3-4A77-A230-E438D54B9B09}.Debug|Any CPU.ActiveCfg = Debug|Any CPU
		{B3943B65-F9D3-4A77-A230-E438D54B9B09}.Debug|Any CPU.Build.0 = Debug|Any CPU
		{B3943B65-F9D3-4A77-A230-E438D54B9B09}.Release|Any CPU.ActiveCfg = Release|Any CPU
		{B3943B65-F9D3-4A77-A230-E438D54B9B09}.Release|Any CPU.Build.0 = Release|Any CPU
		{F9B72088-477B-44DB-89E9-650A45E46532}.Debug|Any CPU.ActiveCfg = Debug|Any CPU
		{F9B72088-477B-44DB-89E9-650A45E46532}.Debug|Any CPU.Build.0 = Debug|Any CPU
		{F9B72088-477B-44DB-89E9-650A45E46532}.Release|Any CPU.ActiveCfg = Release|Any CPU
		{F9B72088-477B-44DB-89E9-650A45E46532}.Release|Any CPU.Build.0 = Release|Any CPU
		{29BEFBC0-C057-4E0B-A3F7-7DB8BDD416EE}.Debug|Any CPU.ActiveCfg = Debug|Any CPU
		{29BEFBC0-C057-4E0B-A3F7-7DB8BDD416EE}.Debug|Any CPU.Build.0 = Debug|Any CPU
		{29BEFBC0-C057-4E0B-A3F7-7DB8BDD416EE}.Release|Any CPU.ActiveCfg = Release|Any CPU
		{29BEFBC0-C057-4E0B-A3F7-7DB8BDD416EE}.Release|Any CPU.Build.0 = Release|Any CPU
		{213E965B-020A-4B8E-8570-D1B82B1AB723}.Debug|Any CPU.ActiveCfg = Debug|Any CPU
		{213E965B-020A-4B8E-8570-D1B82B1AB723}.Debug|Any CPU.Build.0 = Debug|Any CPU
		{213E965B-020A-4B8E-8570-D1B82B1AB723}.Release|Any CPU.ActiveCfg = Release|Any CPU
		{213E965B-020A-4B8E-8570-D1B82B1AB723}.Release|Any CPU.Build.0 = Release|Any CPU
		{BA70F065-6744-459F-AAFB-5538435DE13F}.Debug|Any CPU.ActiveCfg = Debug|Any CPU
		{BA70F065-6744-459F-AAFB-5538435DE13F}.Debug|Any CPU.Build.0 = Debug|Any CPU
		{BA70F065-6744-459F-AAFB-5538435DE13F}.Release|Any CPU.ActiveCfg = Release|Any CPU
		{BA70F065-6744-459F-AAFB-5538435DE13F}.Release|Any CPU.Build.0 = Release|Any CPU
	EndGlobalSection
	GlobalSection(SolutionProperties) = preSolution
		HideSolutionNode = FALSE
	EndGlobalSection
EndGlobal
