
Microsoft Visual Studio Solution File, Format Version 12.00
# Visual Studio 14
VisualStudioVersion = 14.0.25420.1
MinimumVisualStudioVersion = 10.0.40219.1
Project("{FAE04EC0-301F-11D3-BF4B-00C04F79EFBC}") = "Example01", "Example01\Example01.csproj", "{5966B832-401E-49D0-9255-870BF751C15D}"
EndProject
Project("{FAE04EC0-301F-11D3-BF4B-00C04F79EFBC}") = "Example02", "Example02\Example02.csproj", "{A6A9B96B-2058-480D-A843-0408EECAD8A8}"
EndProject
Global
	GlobalSection(SolutionConfigurationPlatforms) = preSolution
		Debug|Any CPU = Debug|Any CPU
		Release|Any CPU = Release|Any CPU
	EndGlobalSection
	GlobalSection(ProjectConfigurationPlatforms) = postSolution
		{5966B832-401E-49D0-9255-870BF751C15D}.Debug|Any CPU.ActiveCfg = Debug|Any CPU
		{5966B832-401E-49D0-9255-870BF751C15D}.Debug|Any CPU.Build.0 = Debug|Any CPU
		{5966B832-401E-49D0-9255-870BF751C15D}.Release|Any CPU.ActiveCfg = Release|Any CPU
		{5966B832-401E-49D0-9255-870BF751C15D}.Release|Any CPU.Build.0 = Release|Any CPU
		{A6A9B96B-2058-480D-A843-0408EECAD8A8}.Debug|Any CPU.ActiveCfg = Debug|Any CPU
		{A6A9B96B-2058-480D-A843-0408EECAD8A8}.Debug|Any CPU.Build.0 = Debug|Any CPU
		{A6A9B96B-2058-480D-A843-0408EECAD8A8}.Release|Any CPU.ActiveCfg = Release|Any CPU
		{A6A9B96B-2058-480D-A843-0408EECAD8A8}.Release|Any CPU.Build.0 = Release|Any CPU
	EndGlobalSection
	GlobalSection(SolutionProperties) = preSolution
		HideSolutionNode = FALSE
	EndGlobalSection
EndGlobal
